{"is_source_file": false, "format": "", "description": "", "external_files": [], "external_methods": [], "published": [], "classes": [], "methods": [], "calls": [], "search-terms": [], "state": 2, "file_id": 10, "knowledge_revision": 26, "git_revision": "4b1746efabd6ce5c2b67a81d1889cf3189d23eae", "filename": "/home/kavia/workspace/code-generation/multilocation-inventory-optimizer-95269-95286/multi_location_inventory_optimizer/post_process_status.lock", "hash": "9c4ed7ef73e22b872b8055bec08b8979", "format-version": 4, "code-base-name": "default", "revision_history": [{"26": "4b1746efabd6ce5c2b67a81d1889cf3189d23eae"}]}